{
    "name": "dub-editor-electron",
    "version": "1.3.0-alpha",
    "lockfileVersion": 2,
    "requires": true,
    "packages": {
        "": {
            "name": "dub-editor-electron",
            "version": "1.3.0-alpha",
            "hasInstallScript": true,
            "license": "MIT"
        }
    }
}
