{
    "name": "dub-editor-electron",
    "version": "2.1.0-beta",
    "lockfileVersion": 2,
    "requires": true,
    "packages": {
        "": {
            "name": "dub-editor-electron",
            "version": "2.1.0-beta",
            "hasInstallScript": true,
            "license": "MIT"
        }
    }
}
